{
    "version": 3,
    "terraform_version": "0.11.11",
    "serial": 4,
    "lineage": "ffe4e1ec-dc64-467c-c3f0-b236944a75dd",
    "modules": [
        {
            "path": [
                "root"
            ],
            "outputs": {
                "client_certificate": {
                    "sensitive": false,
                    "type": "string",
                    "value": ""
                },
                "client_key": {
                    "sensitive": false,
                    "type": "string",
                    "value": ""
                },
                "cluster_ca_certificate": {
                    "sensitive": false,
                    "type": "string",
                    "value": "LS0tLS1CRUdJTiBDRVJUSUZJQ0FURS0tLS0tCk1JSURERENDQWZTZ0F3SUJBZ0lSQUlwRU96TFM5aVNDRXNzaHdJZjVtYTh3RFFZSktvWklodmNOQVFFTEJRQXcKTHpFdE1Dc0dBMVVFQXhNa09EUTNOekJsTXpNdE1ERTVZeTAwT0dNMkxUazNNakl0TW1GaFlqRTROakU1TmpndwpNQjRYRFRFNU1ETXlNREF5TWpnMU9Gb1hEVEkwTURNeE9EQXpNamcxT0Zvd0x6RXRNQ3NHQTFVRUF4TWtPRFEzCk56QmxNek10TURFNVl5MDBPR00yTFRrM01qSXRNbUZoWWpFNE5qRTVOamd3TUlJQklqQU5CZ2txaGtpRzl3MEIKQVFFRkFBT0NBUThBTUlJQkNnS0NBUUVBdkZaaWFWSGhZNWRBRm9sQ2RqZkNySjZGS3VyQUZzaTN6eE5CUHFlUAo5OXF0TWhWV3lKeTBiV3U1YzFnNUpFNHJJOXdkWHpJRUZSemI5eGVrVDd1SSt4TTZzZG5oU2JPZHlCNjdlKyt4CnpGZ041VVJnME13Q0RSOHRyVzJNQWcybGJCL01nN0gxeHV1bStDeHIzcGVkeEdIMStyVUsxa2pVYjRLMGVyUWYKeHdQait5WDZyVG9vbEE2WWxOR09Fa3FXc29oNkJQNnllNUV1Tmc4akJBNzFINitrQmx2NjVBZi90STBUZEt2VApYbUhLSHpOQXdZSGlhbW80OExtTVZPWmdhSkhBNVJGN2IzVkJlekpCUTRFcTRKc05HbFlOeXhwVjlKV1ZDTnh0CngzZkNwUzNtVnFYSjlHUE5sMmt5eXI4cWtvM2lSY2t5dXZQU2tvN01oWWIybndJREFRQUJveU13SVRBT0JnTlYKSFE4QkFmOEVCQU1DQWdRd0R3WURWUjBUQVFIL0JBVXdBd0VCL3pBTkJna3Foa2lHOXcwQkFRc0ZBQU9DQVFFQQpCTmZJcnV1Rmp0MDI0enpvQVg2aEpQRlF6R0pwdUdHRTdFWnpLa29tYlFEUEo3dUNscXk2U29NMEZhaFBIYW5WCkkxT2ZydHEvZHo1WUlzNnpYRWQxdENNK2c4MXFIMGJxZHRmU2ZmMzlpeEs5OHZQQ1QwdVdNMVoreWQwVFNISU4KS0hCcHU3K0crYkJBTzNlMmxmOXh0Um5qSU5Fb2IwR01QYmRKUHUzM3FQNkVHY1hVYUx1M082Skp0dFdIK0dsVQpOeXNXYjlqa084bmNxNW0xR3A0V1owTFk5Y2dpbkdxMHk5TEtSMHBnSVU2NVY2Qjd2bkFuQlVSTHZZRmpnVzRNCm1VK2llMUx6TU9WMDgvS3lpWlY2dzZJdEduK1Nhanl0dlZVWjA5TUpxYVV0V1pvakluWGY1eXdtdUV3SWVFODgKalJpcURpQzl1WWFGakVOdys0NFR6QT09Ci0tLS0tRU5EIENFUlRJRklDQVRFLS0tLS0K"
                }
            },
            "resources": {
                "google_container_cluster.primary": {
                    "type": "google_container_cluster",
                    "depends_on": [],
                    "primary": {
                        "id": "devpassport-prod-v1",
                        "attributes": {
                            "additional_zones.#": "0",
                            "addons_config.#": "1",
                            "addons_config.0.cloudrun_config.#": "0",
                            "addons_config.0.horizontal_pod_autoscaling.#": "1",
                            "addons_config.0.horizontal_pod_autoscaling.0.disabled": "false",
                            "addons_config.0.http_load_balancing.#": "1",
                            "addons_config.0.http_load_balancing.0.disabled": "true",
                            "addons_config.0.istio_config.#": "0",
                            "addons_config.0.kubernetes_dashboard.#": "1",
                            "addons_config.0.kubernetes_dashboard.0.disabled": "true",
                            "addons_config.0.network_policy_config.#": "1",
                            "addons_config.0.network_policy_config.0.disabled": "true",
                            "cluster_autoscaling.#": "1",
                            "cluster_autoscaling.0.enabled": "false",
                            "cluster_autoscaling.0.resource_limits.#": "0",
                            "cluster_ipv4_cidr": "10.4.0.0/14",
                            "default_max_pods_per_node": "110",
                            "description": "",
                            "enable_binary_authorization": "false",
                            "enable_kubernetes_alpha": "false",
                            "enable_legacy_abac": "false",
                            "enable_tpu": "false",
                            "endpoint": "130.211.212.128",
                            "id": "devpassport-prod-v1",
                            "initial_node_count": "1",
                            "instance_group_urls.#": "0",
                            "ip_allocation_policy.#": "1",
                            "ip_allocation_policy.0.cluster_ipv4_cidr_block": "10.4.0.0/14",
                            "ip_allocation_policy.0.cluster_secondary_range_name": "gke-devpassport-prod-v1-pods-82db7fd0",
                            "ip_allocation_policy.0.create_subnetwork": "false",
                            "ip_allocation_policy.0.node_ipv4_cidr_block": "",
                            "ip_allocation_policy.0.services_ipv4_cidr_block": "10.0.0.0/20",
                            "ip_allocation_policy.0.services_secondary_range_name": "gke-devpassport-prod-v1-services-82db7fd0",
                            "ip_allocation_policy.0.subnetwork_name": "",
                            "ip_allocation_policy.0.use_ip_aliases": "true",
                            "location": "us-central1-a",
                            "logging_service": "logging.googleapis.com",
                            "maintenance_policy.#": "1",
                            "maintenance_policy.0.daily_maintenance_window.#": "1",
                            "maintenance_policy.0.daily_maintenance_window.0.duration": "PT4H0M0S",
                            "maintenance_policy.0.daily_maintenance_window.0.start_time": "03:00",
                            "master_auth.#": "1",
                            "master_auth.0.client_certificate": "",
                            "master_auth.0.client_certificate_config.#": "1",
                            "master_auth.0.client_certificate_config.0.issue_client_certificate": "false",
                            "master_auth.0.client_key": "",
                            "master_auth.0.cluster_ca_certificate": "LS0tLS1CRUdJTiBDRVJUSUZJQ0FURS0tLS0tCk1JSURERENDQWZTZ0F3SUJBZ0lSQUlwRU96TFM5aVNDRXNzaHdJZjVtYTh3RFFZSktvWklodmNOQVFFTEJRQXcKTHpFdE1Dc0dBMVVFQXhNa09EUTNOekJsTXpNdE1ERTVZeTAwT0dNMkxUazNNakl0TW1GaFlqRTROakU1TmpndwpNQjRYRFRFNU1ETXlNREF5TWpnMU9Gb1hEVEkwTURNeE9EQXpNamcxT0Zvd0x6RXRNQ3NHQTFVRUF4TWtPRFEzCk56QmxNek10TURFNVl5MDBPR00yTFRrM01qSXRNbUZoWWpFNE5qRTVOamd3TUlJQklqQU5CZ2txaGtpRzl3MEIKQVFFRkFBT0NBUThBTUlJQkNnS0NBUUVBdkZaaWFWSGhZNWRBRm9sQ2RqZkNySjZGS3VyQUZzaTN6eE5CUHFlUAo5OXF0TWhWV3lKeTBiV3U1YzFnNUpFNHJJOXdkWHpJRUZSemI5eGVrVDd1SSt4TTZzZG5oU2JPZHlCNjdlKyt4CnpGZ041VVJnME13Q0RSOHRyVzJNQWcybGJCL01nN0gxeHV1bStDeHIzcGVkeEdIMStyVUsxa2pVYjRLMGVyUWYKeHdQait5WDZyVG9vbEE2WWxOR09Fa3FXc29oNkJQNnllNUV1Tmc4akJBNzFINitrQmx2NjVBZi90STBUZEt2VApYbUhLSHpOQXdZSGlhbW80OExtTVZPWmdhSkhBNVJGN2IzVkJlekpCUTRFcTRKc05HbFlOeXhwVjlKV1ZDTnh0CngzZkNwUzNtVnFYSjlHUE5sMmt5eXI4cWtvM2lSY2t5dXZQU2tvN01oWWIybndJREFRQUJveU13SVRBT0JnTlYKSFE4QkFmOEVCQU1DQWdRd0R3WURWUjBUQVFIL0JBVXdBd0VCL3pBTkJna3Foa2lHOXcwQkFRc0ZBQU9DQVFFQQpCTmZJcnV1Rmp0MDI0enpvQVg2aEpQRlF6R0pwdUdHRTdFWnpLa29tYlFEUEo3dUNscXk2U29NMEZhaFBIYW5WCkkxT2ZydHEvZHo1WUlzNnpYRWQxdENNK2c4MXFIMGJxZHRmU2ZmMzlpeEs5OHZQQ1QwdVdNMVoreWQwVFNISU4KS0hCcHU3K0crYkJBTzNlMmxmOXh0Um5qSU5Fb2IwR01QYmRKUHUzM3FQNkVHY1hVYUx1M082Skp0dFdIK0dsVQpOeXNXYjlqa084bmNxNW0xR3A0V1owTFk5Y2dpbkdxMHk5TEtSMHBnSVU2NVY2Qjd2bkFuQlVSTHZZRmpnVzRNCm1VK2llMUx6TU9WMDgvS3lpWlY2dzZJdEduK1Nhanl0dlZVWjA5TUpxYVV0V1pvakluWGY1eXdtdUV3SWVFODgKalJpcURpQzl1WWFGakVOdys0NFR6QT09Ci0tLS0tRU5EIENFUlRJRklDQVRFLS0tLS0K",
                            "master_auth.0.password": "",
                            "master_auth.0.username": "",
                            "master_authorized_networks_config.#": "0",
                            "master_version": "1.12.5-gke.10",
                            "min_master_version": "1.12",
                            "monitoring_service": "monitoring.googleapis.com",
                            "name": "devpassport-prod-v1",
                            "network": "projects/devpassport-228701/global/networks/default",
                            "network_policy.#": "1",
                            "network_policy.0.enabled": "false",
                            "network_policy.0.provider": "PROVIDER_UNSPECIFIED",
                            "node_config.#": "0",
                            "node_locations.#": "0",
                            "node_pool.#": "0",
                            "node_version": "1.12.5-gke.10",
                            "pod_security_policy_config.#": "0",
                            "private_cluster_config.#": "0",
                            "project": "devpassport-228701",
                            "remove_default_node_pool": "true",
                            "resource_labels.%": "0",
                            "subnetwork": "projects/devpassport-228701/regions/us-central1/subnetworks/default",
                            "tpu_ipv4_cidr_block": "",
                            "zone": "us-central1-a"
                        },
                        "meta": {
                            "e2bfb730-ecaa-11e6-8f88-34363bc7c4c0": {
                                "create": 1800000000000,
                                "delete": 1800000000000,
                                "update": 1800000000000
                            },
                            "schema_version": "1"
                        },
                        "tainted": false
                    },
                    "deposed": [],
                    "provider": "provider.google-beta"
                }
            },
            "depends_on": []
        }
    ]
}
