{
    "version": 3,
    "terraform_version": "0.11.11",
    "serial": 4,
    "lineage": "ffe4e1ec-dc64-467c-c3f0-b236944a75dd",
    "modules": [
        {
            "path": [
                "root"
            ],
            "outputs": {
                "client_certificate": {
                    "sensitive": false,
                    "type": "string",
                    "value": ""
                },
                "client_key": {
                    "sensitive": false,
                    "type": "string",
                    "value": ""
                },
                "cluster_ca_certificate": {
                    "sensitive": false,
                    "type": "string",
                    "value": "LS0tLS1CRUdJTiBDRVJUSUZJQ0FURS0tLS0tCk1JSURDekNDQWZPZ0F3SUJBZ0lRT3AvU0RUT09GekpsWld4b1RVeVYxVEFOQmdrcWhraUc5dzBCQVFzRkFEQXYKTVMwd0t3WURWUVFERXlRM05Ea3lOak0zWWkxbU9UVTFMVFEzWm1ZdE9UVTJaQzAzTm1ZNU9USmpaakF4TUdNdwpIaGNOTVRrd016SXdNREl4TnpJNVdoY05NalF3TXpFNE1ETXhOekk1V2pBdk1TMHdLd1lEVlFRREV5UTNORGt5Ck5qTTNZaTFtT1RVMUxUUTNabVl0T1RVMlpDMDNObVk1T1RKalpqQXhNR013Z2dFaU1BMEdDU3FHU0liM0RRRUIKQVFVQUE0SUJEd0F3Z2dFS0FvSUJBUUNTV3Qxb0k4VXdvc2FTRVVPRS9hOW1ieXlaN083Z2FyZktKRUljSVJOSApVNzM5QW13VVlJN09XSC8xZHdJekMzQ0FKLzBmZWh2eWdSaUxlNllKa3lWaVpRVlhMWEFsMy9GQmZIaWRzRUFoCjVEcitVMUJGN3RSK2Q2S09DajRBeWxuaDFDOURQV2xKaXBwMEpIanlPaVlNUlNjQkQvZ0RnWHFCRk5xcUJ6c3gKZzJDbHNpekRvaFpURUVJMWN0MTEvQ3dldkdtbUYyL01YUFZTQTNMUkk0UU1yYXVUNmVjNDlzQlBKT1phNjBINwpYSkpXYlZVMXFrWjkwM3VYMzRXS2lBU0ZvVEdWVEtielZCbWFtUW5adFZjanJVNEk3TTEyVzNmWWxSOGRlRE9KClBrWmlORGlPUHF6SGdQTGlSeWJJZXNLUTFtcFljY3FuSTFxTlZXNGFXZGNiQWdNQkFBR2pJekFoTUE0R0ExVWQKRHdFQi93UUVBd0lDQkRBUEJnTlZIUk1CQWY4RUJUQURBUUgvTUEwR0NTcUdTSWIzRFFFQkN3VUFBNElCQVFCZwpmd3U0Mjh5UUpqWnZiQ0FGMWVRSzhVU3hZTGhMdWx6S0FjYzd1R1BKc0hGRE1XSlBLdGFkVloyMHh2OHFIUC9tCjM1c0pId1QralNmRlFzTTQ5bFY1L3lqRDI3ZUNKZUtkRFluanRlUVR0ang5MXlkeGtxMzByaHdFNUJ3UUhNUXIKdzdPdXlIamt0LzBSd1dhK3VWN1RzeEtJRHNTZEpIVWJodkpFc3VudUFWTUZnQmdhMFVQSXMxNSsvdGNTSEIyNgo2Z2ZUL2dLNDEzcThzRzJ0bStvaDAzWDBxd3dhUXk3UEVDeE16U1dGazl2N2NtU0JZKzRFSEh2ajVwOWdVdGg3CjlPazMrMFlUQVFCcFpOcHd0MWVNcitUdUVmcFdRcnAyT3Q3VlY0VkV1MEZNeTNkT1E0UkNVOCtHbEk0TTB4N3MKVk00aXIwTU1veDRob3FQQW9RREIKLS0tLS1FTkQgQ0VSVElGSUNBVEUtLS0tLQo="
                }
            },
            "resources": {
                "google_container_cluster.primary": {
                    "type": "google_container_cluster",
                    "depends_on": [],
                    "primary": {
                        "id": "devpassport-prod-v1",
                        "attributes": {
                            "additional_zones.#": "0",
                            "addons_config.#": "1",
                            "addons_config.0.cloudrun_config.#": "0",
                            "addons_config.0.horizontal_pod_autoscaling.#": "1",
                            "addons_config.0.horizontal_pod_autoscaling.0.disabled": "false",
                            "addons_config.0.http_load_balancing.#": "1",
                            "addons_config.0.http_load_balancing.0.disabled": "true",
                            "addons_config.0.istio_config.#": "0",
                            "addons_config.0.kubernetes_dashboard.#": "1",
                            "addons_config.0.kubernetes_dashboard.0.disabled": "true",
                            "addons_config.0.network_policy_config.#": "1",
                            "addons_config.0.network_policy_config.0.disabled": "true",
                            "cluster_autoscaling.#": "1",
                            "cluster_autoscaling.0.enabled": "false",
                            "cluster_autoscaling.0.resource_limits.#": "0",
                            "cluster_ipv4_cidr": "10.4.0.0/14",
                            "default_max_pods_per_node": "110",
                            "description": "",
                            "enable_binary_authorization": "false",
                            "enable_kubernetes_alpha": "false",
                            "enable_legacy_abac": "false",
                            "enable_tpu": "false",
                            "endpoint": "35.193.185.72",
                            "id": "devpassport-prod-v1",
                            "initial_node_count": "1",
                            "instance_group_urls.#": "0",
                            "ip_allocation_policy.#": "1",
                            "ip_allocation_policy.0.cluster_ipv4_cidr_block": "10.4.0.0/14",
                            "ip_allocation_policy.0.cluster_secondary_range_name": "gke-devpassport-prod-v1-pods-4d46875b",
                            "ip_allocation_policy.0.create_subnetwork": "false",
                            "ip_allocation_policy.0.node_ipv4_cidr_block": "",
                            "ip_allocation_policy.0.services_ipv4_cidr_block": "10.0.0.0/20",
                            "ip_allocation_policy.0.services_secondary_range_name": "gke-devpassport-prod-v1-services-4d46875b",
                            "ip_allocation_policy.0.subnetwork_name": "",
                            "ip_allocation_policy.0.use_ip_aliases": "true",
                            "location": "us-central1-a",
                            "logging_service": "logging.googleapis.com",
                            "maintenance_policy.#": "1",
                            "maintenance_policy.0.daily_maintenance_window.#": "1",
                            "maintenance_policy.0.daily_maintenance_window.0.duration": "PT4H0M0S",
                            "maintenance_policy.0.daily_maintenance_window.0.start_time": "03:00",
                            "master_auth.#": "1",
                            "master_auth.0.client_certificate": "",
                            "master_auth.0.client_certificate_config.#": "1",
                            "master_auth.0.client_certificate_config.0.issue_client_certificate": "false",
                            "master_auth.0.client_key": "",
                            "master_auth.0.cluster_ca_certificate": "LS0tLS1CRUdJTiBDRVJUSUZJQ0FURS0tLS0tCk1JSURDekNDQWZPZ0F3SUJBZ0lRT3AvU0RUT09GekpsWld4b1RVeVYxVEFOQmdrcWhraUc5dzBCQVFzRkFEQXYKTVMwd0t3WURWUVFERXlRM05Ea3lOak0zWWkxbU9UVTFMVFEzWm1ZdE9UVTJaQzAzTm1ZNU9USmpaakF4TUdNdwpIaGNOTVRrd016SXdNREl4TnpJNVdoY05NalF3TXpFNE1ETXhOekk1V2pBdk1TMHdLd1lEVlFRREV5UTNORGt5Ck5qTTNZaTFtT1RVMUxUUTNabVl0T1RVMlpDMDNObVk1T1RKalpqQXhNR013Z2dFaU1BMEdDU3FHU0liM0RRRUIKQVFVQUE0SUJEd0F3Z2dFS0FvSUJBUUNTV3Qxb0k4VXdvc2FTRVVPRS9hOW1ieXlaN083Z2FyZktKRUljSVJOSApVNzM5QW13VVlJN09XSC8xZHdJekMzQ0FKLzBmZWh2eWdSaUxlNllKa3lWaVpRVlhMWEFsMy9GQmZIaWRzRUFoCjVEcitVMUJGN3RSK2Q2S09DajRBeWxuaDFDOURQV2xKaXBwMEpIanlPaVlNUlNjQkQvZ0RnWHFCRk5xcUJ6c3gKZzJDbHNpekRvaFpURUVJMWN0MTEvQ3dldkdtbUYyL01YUFZTQTNMUkk0UU1yYXVUNmVjNDlzQlBKT1phNjBINwpYSkpXYlZVMXFrWjkwM3VYMzRXS2lBU0ZvVEdWVEtielZCbWFtUW5adFZjanJVNEk3TTEyVzNmWWxSOGRlRE9KClBrWmlORGlPUHF6SGdQTGlSeWJJZXNLUTFtcFljY3FuSTFxTlZXNGFXZGNiQWdNQkFBR2pJekFoTUE0R0ExVWQKRHdFQi93UUVBd0lDQkRBUEJnTlZIUk1CQWY4RUJUQURBUUgvTUEwR0NTcUdTSWIzRFFFQkN3VUFBNElCQVFCZwpmd3U0Mjh5UUpqWnZiQ0FGMWVRSzhVU3hZTGhMdWx6S0FjYzd1R1BKc0hGRE1XSlBLdGFkVloyMHh2OHFIUC9tCjM1c0pId1QralNmRlFzTTQ5bFY1L3lqRDI3ZUNKZUtkRFluanRlUVR0ang5MXlkeGtxMzByaHdFNUJ3UUhNUXIKdzdPdXlIamt0LzBSd1dhK3VWN1RzeEtJRHNTZEpIVWJodkpFc3VudUFWTUZnQmdhMFVQSXMxNSsvdGNTSEIyNgo2Z2ZUL2dLNDEzcThzRzJ0bStvaDAzWDBxd3dhUXk3UEVDeE16U1dGazl2N2NtU0JZKzRFSEh2ajVwOWdVdGg3CjlPazMrMFlUQVFCcFpOcHd0MWVNcitUdUVmcFdRcnAyT3Q3VlY0VkV1MEZNeTNkT1E0UkNVOCtHbEk0TTB4N3MKVk00aXIwTU1veDRob3FQQW9RREIKLS0tLS1FTkQgQ0VSVElGSUNBVEUtLS0tLQo=",
                            "master_auth.0.password": "",
                            "master_auth.0.username": "",
                            "master_authorized_networks_config.#": "0",
                            "master_version": "1.12.5-gke.10",
                            "min_master_version": "1.12",
                            "monitoring_service": "monitoring.googleapis.com",
                            "name": "devpassport-prod-v1",
                            "network": "projects/devpassport-228701/global/networks/default",
                            "network_policy.#": "1",
                            "network_policy.0.enabled": "false",
                            "network_policy.0.provider": "PROVIDER_UNSPECIFIED",
                            "node_config.#": "0",
                            "node_locations.#": "0",
                            "node_pool.#": "0",
                            "node_version": "1.12.5-gke.10",
                            "pod_security_policy_config.#": "0",
                            "private_cluster_config.#": "0",
                            "project": "devpassport-228701",
                            "remove_default_node_pool": "true",
                            "resource_labels.%": "0",
                            "subnetwork": "projects/devpassport-228701/regions/us-central1/subnetworks/default",
                            "tpu_ipv4_cidr_block": "",
                            "zone": "us-central1-a"
                        },
                        "meta": {
                            "e2bfb730-ecaa-11e6-8f88-34363bc7c4c0": {
                                "create": 1800000000000,
                                "delete": 1800000000000,
                                "update": 1800000000000
                            },
                            "schema_version": "1"
                        },
                        "tainted": false
                    },
                    "deposed": [],
                    "provider": "provider.google-beta"
                }
            },
            "depends_on": []
        }
    ]
}
